
Microsoft Visual Studio Solution File, Format Version 12.00
# Visual Studio Version 17
VisualStudioVersion = 17.11.35303.130
MinimumVisualStudioVersion = 10.0.40219.1
Project("{FAE04EC0-301F-11D3-BF4B-00C04F79EFBC}") = "DenetalWebsite", "DenetalWebsite\DenetalWebsite.csproj", "{2ACFE286-05BE-4C08-808A-F09C9D77F023}"
EndProject
Global
	GlobalSection(SolutionConfigurationPlatforms) = preSolution
		Debug|Any CPU = Debug|Any CPU
		Release|Any CPU = Release|Any CPU
	EndGlobalSection
	GlobalSection(ProjectConfigurationPlatforms) = postSolution
		{2ACFE286-05BE-4C08-808A-F09C9D77F023}.Debug|Any CPU.ActiveCfg = Debug|Any CPU
		{2ACFE286-05BE-4C08-808A-F09C9D77F023}.Debug|Any CPU.Build.0 = Debug|Any CPU
		{2ACFE286-05BE-4C08-808A-F09C9D77F023}.Release|Any CPU.ActiveCfg = Release|Any CPU
		{2ACFE286-05BE-4C08-808A-F09C9D77F023}.Release|Any CPU.Build.0 = Release|Any CPU
	EndGlobalSection
	GlobalSection(SolutionProperties) = preSolution
		HideSolutionNode = FALSE
	EndGlobalSection
	GlobalSection(ExtensibilityGlobals) = postSolution
		SolutionGuid = {CF5D758F-93FC-4BC3-AB7A-C33A3F7D6136}
	EndGlobalSection
EndGlobal
